
Microsoft Visual Studio Solution File, Format Version 12.00
# Visual Studio Version 17
VisualStudioVersion = 17.7.34009.444
MinimumVisualStudioVersion = 10.0.40219.1
Project("{FAE04EC0-301F-11D3-BF4B-00C04F79EFBC}") = "Practico4", "Practico4\Practico4.csproj", "{0CF963DE-C108-42AB-B0AF-30F617493C4A}"
EndProject
Global
	GlobalSection(SolutionConfigurationPlatforms) = preSolution
		Debug|Any CPU = Debug|Any CPU
		Release|Any CPU = Release|Any CPU
	EndGlobalSection
	GlobalSection(ProjectConfigurationPlatforms) = postSolution
		{0CF963DE-C108-42AB-B0AF-30F617493C4A}.Debug|Any CPU.ActiveCfg = Debug|Any CPU
		{0CF963DE-C108-42AB-B0AF-30F617493C4A}.Debug|Any CPU.Build.0 = Debug|Any CPU
		{0CF963DE-C108-42AB-B0AF-30F617493C4A}.Release|Any CPU.ActiveCfg = Release|Any CPU
		{0CF963DE-C108-42AB-B0AF-30F617493C4A}.Release|Any CPU.Build.0 = Release|Any CPU
	EndGlobalSection
	GlobalSection(SolutionProperties) = preSolution
		HideSolutionNode = FALSE
	EndGlobalSection
	GlobalSection(ExtensibilityGlobals) = postSolution
		SolutionGuid = {9332D833-0C80-45DD-B85E-2F436ED41463}
	EndGlobalSection
EndGlobal
